
Microsoft Visual Studio Solution File, Format Version 12.00
# Visual Studio Version 17
VisualStudioVersion = 17.5.33502.453
MinimumVisualStudioVersion = 10.0.40219.1
Project("{FAE04EC0-301F-11D3-BF4B-00C04F79EFBC}") = "GraphTutorial", "GraphTutorial\GraphTutorial.csproj", "{2DE5630D-7D3D-40B0-A09F-3C03D19805C1}"
EndProject
Global
	GlobalSection(SolutionConfigurationPlatforms) = preSolution
		Debug|Any CPU = Debug|Any CPU
		Release|Any CPU = Release|Any CPU
	EndGlobalSection
	GlobalSection(ProjectConfigurationPlatforms) = postSolution
		{2DE5630D-7D3D-40B0-A09F-3C03D19805C1}.Debug|Any CPU.ActiveCfg = Debug|Any CPU
		{2DE5630D-7D3D-40B0-A09F-3C03D19805C1}.Debug|Any CPU.Build.0 = Debug|Any CPU
		{2DE5630D-7D3D-40B0-A09F-3C03D19805C1}.Release|Any CPU.ActiveCfg = Release|Any CPU
		{2DE5630D-7D3D-40B0-A09F-3C03D19805C1}.Release|Any CPU.Build.0 = Release|Any CPU
	EndGlobalSection
	GlobalSection(SolutionProperties) = preSolution
		HideSolutionNode = FALSE
	EndGlobalSection
	GlobalSection(ExtensibilityGlobals) = postSolution
		SolutionGuid = {F9AA2CFA-6F63-4E89-AC52-03E4445F3C31}
	EndGlobalSection
EndGlobal
